
Microsoft Visual Studio Solution File, Format Version 12.00
Project("{FAE04EC0-301F-11D3-BF4B-00C04F79EFBC}") = "Powerpoint.DefaultFontSize", "Powerpoint.DefaultFontSize\Powerpoint.DefaultFontSize.csproj", "{A1B05BBE-E540-4F9A-829D-2E26718CB001}"
EndProject
Project("{2150E333-8FDC-42A3-9474-1A3956D46DE8}") = ".github", ".github", "{4990715A-1653-4BB1-9015-02798059AB42}"
	ProjectSection(SolutionItems) = preProject
		.github\CODEOWNERS = .github\CODEOWNERS
	EndProjectSection
EndProject
Project("{2150E333-8FDC-42A3-9474-1A3956D46DE8}") = "misc", "misc", "{3639825A-EFF0-4A19-861F-EC0BAB61D4A8}"
	ProjectSection(SolutionItems) = preProject
		.gitignore = .gitignore
		.gitattributes = .gitattributes
		LICENSE = LICENSE
		README.md = README.md
	EndProjectSection
EndProject
Project("{2150E333-8FDC-42A3-9474-1A3956D46DE8}") = "workflows", "workflows", "{A87899CF-60EB-4E71-BD1F-BDAEC20EFC4A}"
	ProjectSection(SolutionItems) = preProject
		.github\workflows\build-csharp.yml = .github\workflows\build-csharp.yml
	EndProjectSection
EndProject
Global
	GlobalSection(SolutionConfigurationPlatforms) = preSolution
		Debug|Any CPU = Debug|Any CPU
		Release|Any CPU = Release|Any CPU
	EndGlobalSection
	GlobalSection(ProjectConfigurationPlatforms) = postSolution
		{A1B05BBE-E540-4F9A-829D-2E26718CB001}.Debug|Any CPU.ActiveCfg = Debug|Any CPU
		{A1B05BBE-E540-4F9A-829D-2E26718CB001}.Debug|Any CPU.Build.0 = Debug|Any CPU
		{A1B05BBE-E540-4F9A-829D-2E26718CB001}.Release|Any CPU.ActiveCfg = Release|Any CPU
		{A1B05BBE-E540-4F9A-829D-2E26718CB001}.Release|Any CPU.Build.0 = Release|Any CPU
	EndGlobalSection
	GlobalSection(NestedProjects) = preSolution
		{A87899CF-60EB-4E71-BD1F-BDAEC20EFC4A} = {4990715A-1653-4BB1-9015-02798059AB42}
	EndGlobalSection
EndGlobal
